
Microsoft Visual Studio Solution File, Format Version 12.00
# Visual Studio Version 16
VisualStudioVersion = 16.0.30309.148
MinimumVisualStudioVersion = 10.0.40219.1
Project("{FAE04EC0-301F-11D3-BF4B-00C04F79EFBC}") = "AviDemuxBat", "AviDemuxBat.csproj", "{07F2FEBB-D395-4DB6-B250-CF2FA39ADC50}"
EndProject
Global
	GlobalSection(SolutionConfigurationPlatforms) = preSolution
		Debug|Any CPU = Debug|Any CPU
		Release|Any CPU = Release|Any CPU
	EndGlobalSection
	GlobalSection(ProjectConfigurationPlatforms) = postSolution
		{07F2FEBB-D395-4DB6-B250-CF2FA39ADC50}.Debug|Any CPU.ActiveCfg = Debug|Any CPU
		{07F2FEBB-D395-4DB6-B250-CF2FA39ADC50}.Debug|Any CPU.Build.0 = Debug|Any CPU
		{07F2FEBB-D395-4DB6-B250-CF2FA39ADC50}.Release|Any CPU.ActiveCfg = Release|Any CPU
		{07F2FEBB-D395-4DB6-B250-CF2FA39ADC50}.Release|Any CPU.Build.0 = Release|Any CPU
	EndGlobalSection
	GlobalSection(SolutionProperties) = preSolution
		HideSolutionNode = FALSE
	EndGlobalSection
	GlobalSection(ExtensibilityGlobals) = postSolution
		SolutionGuid = {B0703721-538B-43DC-B5A2-D371516F5E75}
	EndGlobalSection
EndGlobal
